
Microsoft Visual Studio Solution File, Format Version 11.00
# Visual Studio 2010
Project("{FAE04EC0-301F-11D3-BF4B-00C04F79EFBC}") = "UnityEngine.UI", "UnityEngine.UI.csproj", "{eb549efb-bc69-1d24-bf74-ce9a270f920f}"
EndProject
Project("{FAE04EC0-301F-11D3-BF4B-00C04F79EFBC}") = "UnityEngine.TestRunner", "UnityEngine.TestRunner.csproj", "{f7bc876e-efd4-8b6b-ea1a-a4557e202f21}"
EndProject
Project("{FAE04EC0-301F-11D3-BF4B-00C04F79EFBC}") = "Unity.VisualScripting.Flow", "Unity.VisualScripting.Flow.csproj", "{8e4fbcce-e63a-7157-880b-0ad089839d11}"
EndProject
Project("{FAE04EC0-301F-11D3-BF4B-00C04F79EFBC}") = "Unity.VisualScripting.State", "Unity.VisualScripting.State.csproj", "{0642f47e-98b6-ff9b-14e5-4d71c8478e0c}"
EndProject
Project("{FAE04EC0-301F-11D3-BF4B-00C04F79EFBC}") = "Unity.VisualScripting.Core", "Unity.VisualScripting.Core.csproj", "{5516989b-86b8-71da-f6cb-ec364429b993}"
EndProject
Project("{FAE04EC0-301F-11D3-BF4B-00C04F79EFBC}") = "Unity.TextMeshPro", "Unity.TextMeshPro.csproj", "{41afc56c-1ce2-096d-f411-7c54cef622ce}"
EndProject
Project("{FAE04EC0-301F-11D3-BF4B-00C04F79EFBC}") = "Unity.Timeline", "Unity.Timeline.csproj", "{a838d82f-8031-6f1d-b4f3-f2db066c7075}"
EndProject
Project("{FAE04EC0-301F-11D3-BF4B-00C04F79EFBC}") = "Assembly-CSharp", "Assembly-CSharp.csproj", "{5a97e997-e809-a798-3e3b-d25f0d7b2c0a}"
EndProject
Project("{FAE04EC0-301F-11D3-BF4B-00C04F79EFBC}") = "Unity.PlasticSCM.Editor", "Unity.PlasticSCM.Editor.csproj", "{43838e08-e35c-cc63-189e-38e25be93e6f}"
EndProject
Project("{FAE04EC0-301F-11D3-BF4B-00C04F79EFBC}") = "Unity.VisualScripting.Core.Editor", "Unity.VisualScripting.Core.Editor.csproj", "{53be56b0-0cde-8041-2286-577697466772}"
EndProject
Project("{FAE04EC0-301F-11D3-BF4B-00C04F79EFBC}") = "Unity.VisualScripting.Flow.Editor", "Unity.VisualScripting.Flow.Editor.csproj", "{e1ebc85e-a261-2554-d42e-72a50239f120}"
EndProject
Project("{FAE04EC0-301F-11D3-BF4B-00C04F79EFBC}") = "Unity.VisualStudio.Editor", "Unity.VisualStudio.Editor.csproj", "{87fb359a-f7d4-6bd4-1862-a6d700193195}"
EndProject
Project("{FAE04EC0-301F-11D3-BF4B-00C04F79EFBC}") = "Unity.Timeline.Editor", "Unity.Timeline.Editor.csproj", "{93ba3434-1091-ab03-b239-0fc57e85d1b8}"
EndProject
Project("{FAE04EC0-301F-11D3-BF4B-00C04F79EFBC}") = "Unity.VisualScripting.State.Editor", "Unity.VisualScripting.State.Editor.csproj", "{78efb0b9-fa4b-6f18-0e63-e04e455695f6}"
EndProject
Project("{FAE04EC0-301F-11D3-BF4B-00C04F79EFBC}") = "Unity.TextMeshPro.Editor", "Unity.TextMeshPro.Editor.csproj", "{3ae7328d-2494-ac56-3aad-eafdb12917db}"
EndProject
Project("{FAE04EC0-301F-11D3-BF4B-00C04F79EFBC}") = "Unity.VisualScripting.SettingsProvider.Editor", "Unity.VisualScripting.SettingsProvider.Editor.csproj", "{6aa968fb-db58-e1e8-39cc-5aa254f29882}"
EndProject
Project("{FAE04EC0-301F-11D3-BF4B-00C04F79EFBC}") = "Unity.CollabProxy.Editor", "Unity.CollabProxy.Editor.csproj", "{16ba096b-584f-1059-50f2-2709d2002d2b}"
EndProject
Project("{FAE04EC0-301F-11D3-BF4B-00C04F79EFBC}") = "UnityEditor.TestRunner", "UnityEditor.TestRunner.csproj", "{09953c3a-da44-9112-2644-b758c2a5b076}"
EndProject
Project("{FAE04EC0-301F-11D3-BF4B-00C04F79EFBC}") = "Unity.TestTools.CodeCoverage.Editor", "Unity.TestTools.CodeCoverage.Editor.csproj", "{4d984e17-2d68-cc11-a683-a399bcd808e8}"
EndProject
Project("{FAE04EC0-301F-11D3-BF4B-00C04F79EFBC}") = "Unity.Rider.Editor", "Unity.Rider.Editor.csproj", "{c9abca00-6263-d495-79cc-010eae766ef0}"
EndProject
Project("{FAE04EC0-301F-11D3-BF4B-00C04F79EFBC}") = "Unity.Services.Core.Editor", "Unity.Services.Core.Editor.csproj", "{935c9198-1b2d-c5b3-37f4-03d8a5546d1c}"
EndProject
Project("{FAE04EC0-301F-11D3-BF4B-00C04F79EFBC}") = "Unity.Performance.Profile-Analyzer.Editor", "Unity.Performance.Profile-Analyzer.Editor.csproj", "{254bdd38-e6ea-3431-1e53-33e3dce6b26f}"
EndProject
Project("{FAE04EC0-301F-11D3-BF4B-00C04F79EFBC}") = "Unity.VSCode.Editor", "Unity.VSCode.Editor.csproj", "{4f20ecb8-d3e8-2be3-2b98-5e6bcced2f30}"
EndProject
Project("{FAE04EC0-301F-11D3-BF4B-00C04F79EFBC}") = "UnityEditor.UI", "UnityEditor.UI.csproj", "{3aa912f2-654e-f7d6-af36-3e096c7c3066}"
EndProject
Project("{FAE04EC0-301F-11D3-BF4B-00C04F79EFBC}") = "Unity.TestTools.CodeCoverage.Editor.OpenCover.Model", "Unity.TestTools.CodeCoverage.Editor.OpenCover.Model.csproj", "{128e823e-54eb-09e8-bc43-2e257b4d0f61}"
EndProject
Project("{FAE04EC0-301F-11D3-BF4B-00C04F79EFBC}") = "Unity.EditorCoroutines.Editor", "Unity.EditorCoroutines.Editor.csproj", "{70964c1e-2dc2-fa36-c24b-93f17d33eac6}"
EndProject
Project("{FAE04EC0-301F-11D3-BF4B-00C04F79EFBC}") = "Unity.Settings.Editor", "Unity.Settings.Editor.csproj", "{d18e5e9d-83c9-8e5d-0aa9-4933bb437b60}"
EndProject
Project("{FAE04EC0-301F-11D3-BF4B-00C04F79EFBC}") = "Assembly-CSharp-Editor", "Assembly-CSharp-Editor.csproj", "{88082368-4f41-9106-fba2-22dbe365a9b6}"
EndProject
Project("{FAE04EC0-301F-11D3-BF4B-00C04F79EFBC}") = "Unity.TestTools.CodeCoverage.Editor.OpenCover.Mono.Reflection", "Unity.TestTools.CodeCoverage.Editor.OpenCover.Mono.Reflection.csproj", "{d994ec40-89b8-a766-2a7b-b13d2a468942}"
EndProject
Project("{FAE04EC0-301F-11D3-BF4B-00C04F79EFBC}") = "Unity.VisualScripting.Shared.Editor", "Unity.VisualScripting.Shared.Editor.csproj", "{8237d460-6bbc-cc15-531b-87277ba38b61}"
EndProject
Global
	GlobalSection(SolutionConfigurationPlatforms) = preSolution
		Debug|Any CPU = Debug|Any CPU
	EndGlobalSection
	GlobalSection(ProjectConfigurationPlatforms) = postSolution
		{eb549efb-bc69-1d24-bf74-ce9a270f920f}.Debug|Any CPU.ActiveCfg = Debug|Any CPU
		{eb549efb-bc69-1d24-bf74-ce9a270f920f}.Debug|Any CPU.Build.0 = Debug|Any CPU
		{f7bc876e-efd4-8b6b-ea1a-a4557e202f21}.Debug|Any CPU.ActiveCfg = Debug|Any CPU
		{f7bc876e-efd4-8b6b-ea1a-a4557e202f21}.Debug|Any CPU.Build.0 = Debug|Any CPU
		{8e4fbcce-e63a-7157-880b-0ad089839d11}.Debug|Any CPU.ActiveCfg = Debug|Any CPU
		{8e4fbcce-e63a-7157-880b-0ad089839d11}.Debug|Any CPU.Build.0 = Debug|Any CPU
		{0642f47e-98b6-ff9b-14e5-4d71c8478e0c}.Debug|Any CPU.ActiveCfg = Debug|Any CPU
		{0642f47e-98b6-ff9b-14e5-4d71c8478e0c}.Debug|Any CPU.Build.0 = Debug|Any CPU
		{5516989b-86b8-71da-f6cb-ec364429b993}.Debug|Any CPU.ActiveCfg = Debug|Any CPU
		{5516989b-86b8-71da-f6cb-ec364429b993}.Debug|Any CPU.Build.0 = Debug|Any CPU
		{41afc56c-1ce2-096d-f411-7c54cef622ce}.Debug|Any CPU.ActiveCfg = Debug|Any CPU
		{41afc56c-1ce2-096d-f411-7c54cef622ce}.Debug|Any CPU.Build.0 = Debug|Any CPU
		{a838d82f-8031-6f1d-b4f3-f2db066c7075}.Debug|Any CPU.ActiveCfg = Debug|Any CPU
		{a838d82f-8031-6f1d-b4f3-f2db066c7075}.Debug|Any CPU.Build.0 = Debug|Any CPU
		{5a97e997-e809-a798-3e3b-d25f0d7b2c0a}.Debug|Any CPU.ActiveCfg = Debug|Any CPU
		{5a97e997-e809-a798-3e3b-d25f0d7b2c0a}.Debug|Any CPU.Build.0 = Debug|Any CPU
		{43838e08-e35c-cc63-189e-38e25be93e6f}.Debug|Any CPU.ActiveCfg = Debug|Any CPU
		{43838e08-e35c-cc63-189e-38e25be93e6f}.Debug|Any CPU.Build.0 = Debug|Any CPU
		{53be56b0-0cde-8041-2286-577697466772}.Debug|Any CPU.ActiveCfg = Debug|Any CPU
		{53be56b0-0cde-8041-2286-577697466772}.Debug|Any CPU.Build.0 = Debug|Any CPU
		{e1ebc85e-a261-2554-d42e-72a50239f120}.Debug|Any CPU.ActiveCfg = Debug|Any CPU
		{e1ebc85e-a261-2554-d42e-72a50239f120}.Debug|Any CPU.Build.0 = Debug|Any CPU
		{87fb359a-f7d4-6bd4-1862-a6d700193195}.Debug|Any CPU.ActiveCfg = Debug|Any CPU
		{87fb359a-f7d4-6bd4-1862-a6d700193195}.Debug|Any CPU.Build.0 = Debug|Any CPU
		{93ba3434-1091-ab03-b239-0fc57e85d1b8}.Debug|Any CPU.ActiveCfg = Debug|Any CPU
		{93ba3434-1091-ab03-b239-0fc57e85d1b8}.Debug|Any CPU.Build.0 = Debug|Any CPU
		{78efb0b9-fa4b-6f18-0e63-e04e455695f6}.Debug|Any CPU.ActiveCfg = Debug|Any CPU
		{78efb0b9-fa4b-6f18-0e63-e04e455695f6}.Debug|Any CPU.Build.0 = Debug|Any CPU
		{3ae7328d-2494-ac56-3aad-eafdb12917db}.Debug|Any CPU.ActiveCfg = Debug|Any CPU
		{3ae7328d-2494-ac56-3aad-eafdb12917db}.Debug|Any CPU.Build.0 = Debug|Any CPU
		{6aa968fb-db58-e1e8-39cc-5aa254f29882}.Debug|Any CPU.ActiveCfg = Debug|Any CPU
		{6aa968fb-db58-e1e8-39cc-5aa254f29882}.Debug|Any CPU.Build.0 = Debug|Any CPU
		{16ba096b-584f-1059-50f2-2709d2002d2b}.Debug|Any CPU.ActiveCfg = Debug|Any CPU
		{16ba096b-584f-1059-50f2-2709d2002d2b}.Debug|Any CPU.Build.0 = Debug|Any CPU
		{09953c3a-da44-9112-2644-b758c2a5b076}.Debug|Any CPU.ActiveCfg = Debug|Any CPU
		{09953c3a-da44-9112-2644-b758c2a5b076}.Debug|Any CPU.Build.0 = Debug|Any CPU
		{4d984e17-2d68-cc11-a683-a399bcd808e8}.Debug|Any CPU.ActiveCfg = Debug|Any CPU
		{4d984e17-2d68-cc11-a683-a399bcd808e8}.Debug|Any CPU.Build.0 = Debug|Any CPU
		{c9abca00-6263-d495-79cc-010eae766ef0}.Debug|Any CPU.ActiveCfg = Debug|Any CPU
		{c9abca00-6263-d495-79cc-010eae766ef0}.Debug|Any CPU.Build.0 = Debug|Any CPU
		{935c9198-1b2d-c5b3-37f4-03d8a5546d1c}.Debug|Any CPU.ActiveCfg = Debug|Any CPU
		{935c9198-1b2d-c5b3-37f4-03d8a5546d1c}.Debug|Any CPU.Build.0 = Debug|Any CPU
		{254bdd38-e6ea-3431-1e53-33e3dce6b26f}.Debug|Any CPU.ActiveCfg = Debug|Any CPU
		{254bdd38-e6ea-3431-1e53-33e3dce6b26f}.Debug|Any CPU.Build.0 = Debug|Any CPU
		{4f20ecb8-d3e8-2be3-2b98-5e6bcced2f30}.Debug|Any CPU.ActiveCfg = Debug|Any CPU
		{4f20ecb8-d3e8-2be3-2b98-5e6bcced2f30}.Debug|Any CPU.Build.0 = Debug|Any CPU
		{3aa912f2-654e-f7d6-af36-3e096c7c3066}.Debug|Any CPU.ActiveCfg = Debug|Any CPU
		{3aa912f2-654e-f7d6-af36-3e096c7c3066}.Debug|Any CPU.Build.0 = Debug|Any CPU
		{128e823e-54eb-09e8-bc43-2e257b4d0f61}.Debug|Any CPU.ActiveCfg = Debug|Any CPU
		{128e823e-54eb-09e8-bc43-2e257b4d0f61}.Debug|Any CPU.Build.0 = Debug|Any CPU
		{70964c1e-2dc2-fa36-c24b-93f17d33eac6}.Debug|Any CPU.ActiveCfg = Debug|Any CPU
		{70964c1e-2dc2-fa36-c24b-93f17d33eac6}.Debug|Any CPU.Build.0 = Debug|Any CPU
		{d18e5e9d-83c9-8e5d-0aa9-4933bb437b60}.Debug|Any CPU.ActiveCfg = Debug|Any CPU
		{d18e5e9d-83c9-8e5d-0aa9-4933bb437b60}.Debug|Any CPU.Build.0 = Debug|Any CPU
		{88082368-4f41-9106-fba2-22dbe365a9b6}.Debug|Any CPU.ActiveCfg = Debug|Any CPU
		{88082368-4f41-9106-fba2-22dbe365a9b6}.Debug|Any CPU.Build.0 = Debug|Any CPU
		{d994ec40-89b8-a766-2a7b-b13d2a468942}.Debug|Any CPU.ActiveCfg = Debug|Any CPU
		{d994ec40-89b8-a766-2a7b-b13d2a468942}.Debug|Any CPU.Build.0 = Debug|Any CPU
		{8237d460-6bbc-cc15-531b-87277ba38b61}.Debug|Any CPU.ActiveCfg = Debug|Any CPU
		{8237d460-6bbc-cc15-531b-87277ba38b61}.Debug|Any CPU.Build.0 = Debug|Any CPU
	EndGlobalSection
	GlobalSection(SolutionProperties) = preSolution
		HideSolutionNode = FALSE
	EndGlobalSection
EndGlobal
